// !$*UTF8*$!
{
	archiveVersion = 1;
	classes = {
	};
	objectVersion = 56;
	objects = {

/* Begin PBXBuildFile section */
		B3D724FB299E779600EF7421 /* iDineApp.swift in Sources */ = {isa = PBXBuildFile; fileRef = B3D724FA299E779600EF7421 /* iDineApp.swift */; };
		B3D724FD299E779600EF7421 /* ContentView.swift in Sources */ = {isa = PBXBuildFile; fileRef = B3D724FC299E779600EF7421 /* ContentView.swift */; };
		B3D724FF299E779700EF7421 /* Assets.xcassets in Resources */ = {isa = PBXBuildFile; fileRef = B3D724FE299E779700EF7421 /* Assets.xcassets */; };
		B3D72502299E779700EF7421 /* Preview Assets.xcassets in Resources */ = {isa = PBXBuildFile; fileRef = B3D72501299E779700EF7421 /* Preview Assets.xcassets */; };
		B3D72509299E77D800EF7421 /* Helper.swift in Sources */ = {isa = PBXBuildFile; fileRef = B3D72508299E77D800EF7421 /* Helper.swift */; };
		B3D7250C299E780900EF7421 /* Order.swift in Sources */ = {isa = PBXBuildFile; fileRef = B3D7250A299E780900EF7421 /* Order.swift */; };
		B3D7250D299E780900EF7421 /* Menu.swift in Sources */ = {isa = PBXBuildFile; fileRef = B3D7250B299E780900EF7421 /* Menu.swift */; };
		B3D7250F299E782500EF7421 /* menu.json in Resources */ = {isa = PBXBuildFile; fileRef = B3D7250E299E782500EF7421 /* menu.json */; };
		B3D72511299E7F3100EF7421 /* ItemRow.swift in Sources */ = {isa = PBXBuildFile; fileRef = B3D72510299E7F3100EF7421 /* ItemRow.swift */; };
		B3D72513299E936300EF7421 /* ItemDetail.swift in Sources */ = {isa = PBXBuildFile; fileRef = B3D72512299E936300EF7421 /* ItemDetail.swift */; };
		B3D72515299E9F4900EF7421 /* OrderView.swift in Sources */ = {isa = PBXBuildFile; fileRef = B3D72514299E9F4900EF7421 /* OrderView.swift */; };
		B3D72517299EA0E000EF7421 /* MainView.swift in Sources */ = {isa = PBXBuildFile; fileRef = B3D72516299EA0E000EF7421 /* MainView.swift */; };
		B3D72519299EA63200EF7421 /* CheckoutView.swift in Sources */ = {isa = PBXBuildFile; fileRef = B3D72518299EA63200EF7421 /* CheckoutView.swift */; };
		B3D7251B29A7AA5400EF7421 /* FavoriteView.swift in Sources */ = {isa = PBXBuildFile; fileRef = B3D7251A29A7AA5400EF7421 /* FavoriteView.swift */; };
		B3D7251D29A913DC00EF7421 /* Favorite.swift in Sources */ = {isa = PBXBuildFile; fileRef = B3D7251C29A913DC00EF7421 /* Favorite.swift */; };
/* End PBXBuildFile section */

/* Begin PBXFileReference section */
		B3D724F7299E779600EF7421 /* iDine.app */ = {isa = PBXFileReference; explicitFileType = wrapper.application; includeInIndex = 0; path = iDine.app; sourceTree = BUILT_PRODUCTS_DIR; };
		B3D724FA299E779600EF7421 /* iDineApp.swift */ = {isa = PBXFileReference; lastKnownFileType = sourcecode.swift; path = iDineApp.swift; sourceTree = "<group>"; };
		B3D724FC299E779600EF7421 /* ContentView.swift */ = {isa = PBXFileReference; lastKnownFileType = sourcecode.swift; path = ContentView.swift; sourceTree = "<group>"; };
		B3D724FE299E779700EF7421 /* Assets.xcassets */ = {isa = PBXFileReference; lastKnownFileType = folder.assetcatalog; path = Assets.xcassets; sourceTree = "<group>"; };
		B3D72501299E779700EF7421 /* Preview Assets.xcassets */ = {isa = PBXFileReference; lastKnownFileType = folder.assetcatalog; path = "Preview Assets.xcassets"; sourceTree = "<group>"; };
		B3D72508299E77D800EF7421 /* Helper.swift */ = {isa = PBXFileReference; fileEncoding = 4; lastKnownFileType = sourcecode.swift; name = Helper.swift; path = ../../../../../Downloads/idine/Helper.swift; sourceTree = "<group>"; };
		B3D7250A299E780900EF7421 /* Order.swift */ = {isa = PBXFileReference; fileEncoding = 4; lastKnownFileType = sourcecode.swift; name = Order.swift; path = ../../../../../Downloads/idine/Order.swift; sourceTree = "<group>"; };
		B3D7250B299E780900EF7421 /* Menu.swift */ = {isa = PBXFileReference; fileEncoding = 4; lastKnownFileType = sourcecode.swift; name = Menu.swift; path = ../../../../../Downloads/idine/Menu.swift; sourceTree = "<group>"; };
		B3D7250E299E782500EF7421 /* menu.json */ = {isa = PBXFileReference; fileEncoding = 4; lastKnownFileType = text.json; name = menu.json; path = ../../../../../Downloads/idine/menu.json; sourceTree = "<group>"; };
		B3D72510299E7F3100EF7421 /* ItemRow.swift */ = {isa = PBXFileReference; lastKnownFileType = sourcecode.swift; path = ItemRow.swift; sourceTree = "<group>"; };
		B3D72512299E936300EF7421 /* ItemDetail.swift */ = {isa = PBXFileReference; lastKnownFileType = sourcecode.swift; path = ItemDetail.swift; sourceTree = "<group>"; };
		B3D72514299E9F4900EF7421 /* OrderView.swift */ = {isa = PBXFileReference; lastKnownFileType = sourcecode.swift; path = OrderView.swift; sourceTree = "<group>"; };
		B3D72516299EA0E000EF7421 /* MainView.swift */ = {isa = PBXFileReference; lastKnownFileType = sourcecode.swift; path = MainView.swift; sourceTree = "<group>"; };
		B3D72518299EA63200EF7421 /* CheckoutView.swift */ = {isa = PBXFileReference; lastKnownFileType = sourcecode.swift; path = CheckoutView.swift; sourceTree = "<group>"; };
		B3D7251A29A7AA5400EF7421 /* FavoriteView.swift */ = {isa = PBXFileReference; lastKnownFileType = sourcecode.swift; path = FavoriteView.swift; sourceTree = "<group>"; };
		B3D7251C29A913DC00EF7421 /* Favorite.swift */ = {isa = PBXFileReference; lastKnownFileType = sourcecode.swift; path = Favorite.swift; sourceTree = "<group>"; };
/* End PBXFileReference section */

/* Begin PBXFrameworksBuildPhase section */
		B3D724F4299E779600EF7421 /* Frameworks */ = {
			isa = PBXFrameworksBuildPhase;
			buildActionMask = 2147483647;
			files = (
			);
			runOnlyForDeploymentPostprocessing = 0;
		};
/* End PBXFrameworksBuildPhase section */

/* Begin PBXGroup section */
		B3D724EE299E779600EF7421 = {
			isa = PBXGroup;
			children = (
				B3D724F9299E779600EF7421 /* iDine */,
				B3D724F8299E779600EF7421 /* Products */,
			);
			sourceTree = "<group>";
		};
		B3D724F8299E779600EF7421 /* Products */ = {
			isa = PBXGroup;
			children = (
				B3D724F7299E779600EF7421 /* iDine.app */,
			);
			name = Products;
			sourceTree = "<group>";
		};
		B3D724F9299E779600EF7421 /* iDine */ = {
			isa = PBXGroup;
			children = (
				B3D724FA299E779600EF7421 /* iDineApp.swift */,
				B3D72518299EA63200EF7421 /* CheckoutView.swift */,
				B3D724FC299E779600EF7421 /* ContentView.swift */,
				B3D72512299E936300EF7421 /* ItemDetail.swift */,
				B3D72514299E9F4900EF7421 /* OrderView.swift */,
				B3D72516299EA0E000EF7421 /* MainView.swift */,
				B3D7251A29A7AA5400EF7421 /* FavoriteView.swift */,
				B3D72510299E7F3100EF7421 /* ItemRow.swift */,
				B3D72508299E77D800EF7421 /* Helper.swift */,
				B3D7250B299E780900EF7421 /* Menu.swift */,
				B3D7250A299E780900EF7421 /* Order.swift */,
				B3D7251C29A913DC00EF7421 /* Favorite.swift */,
				B3D7250E299E782500EF7421 /* menu.json */,
				B3D724FE299E779700EF7421 /* Assets.xcassets */,
				B3D72500299E779700EF7421 /* Preview Content */,
			);
			path = iDine;
			sourceTree = "<group>";
		};
		B3D72500299E779700EF7421 /* Preview Content */ = {
			isa = PBXGroup;
			children = (
				B3D72501299E779700EF7421 /* Preview Assets.xcassets */,
			);
			path = "Preview Content";
			sourceTree = "<group>";
		};
/* End PBXGroup section */

/* Begin PBXNativeTarget section */
		B3D724F6299E779600EF7421 /* iDine */ = {
			isa = PBXNativeTarget;
			buildConfigurationList = B3D72505299E779700EF7421 /* Build configuration list for PBXNativeTarget "iDine" */;
			buildPhases = (
				B3D724F3299E779600EF7421 /* Sources */,
				B3D724F4299E779600EF7421 /* Frameworks */,
				B3D724F5299E779600EF7421 /* Resources */,
			);
			buildRules = (
			);
			dependencies = (
			);
			name = iDine;
			productName = iDine;
			productReference = B3D724F7299E779600EF7421 /* iDine.app */;
			productType = "com.apple.product-type.application";
		};
/* End PBXNativeTarget section */

/* Begin PBXProject section */
		B3D724EF299E779600EF7421 /* Project object */ = {
			isa = PBXProject;
			attributes = {
				BuildIndependentTargetsInParallel = 1;
				LastSwiftUpdateCheck = 1420;
				LastUpgradeCheck = 1420;
				TargetAttributes = {
					B3D724F6299E779600EF7421 = {
						CreatedOnToolsVersion = 14.2;
					};
				};
			};
			buildConfigurationList = B3D724F2299E779600EF7421 /* Build configuration list for PBXProject "iDine" */;
			compatibilityVersion = "Xcode 14.0";
			developmentRegion = en;
			hasScannedForEncodings = 0;
			knownRegions = (
				en,
				Base,
			);
			mainGroup = B3D724EE299E779600EF7421;
			productRefGroup = B3D724F8299E779600EF7421 /* Products */;
			projectDirPath = "";
			projectRoot = "";
			targets = (
				B3D724F6299E779600EF7421 /* iDine */,
			);
		};
/* End PBXProject section */

/* Begin PBXResourcesBuildPhase section */
		B3D724F5299E779600EF7421 /* Resources */ = {
			isa = PBXResourcesBuildPhase;
			buildActionMask = 2147483647;
			files = (
				B3D7250F299E782500EF7421 /* menu.json in Resources */,
				B3D72502299E779700EF7421 /* Preview Assets.xcassets in Resources */,
				B3D724FF299E779700EF7421 /* Assets.xcassets in Resources */,
			);
			runOnlyForDeploymentPostprocessing = 0;
		};
/* End PBXResourcesBuildPhase section */

/* Begin PBXSourcesBuildPhase section */
		B3D724F3299E779600EF7421 /* Sources */ = {
			isa = PBXSourcesBuildPhase;
			buildActionMask = 2147483647;
			files = (
				B3D72513299E936300EF7421 /* ItemDetail.swift in Sources */,
				B3D72517299EA0E000EF7421 /* MainView.swift in Sources */,
				B3D72519299EA63200EF7421 /* CheckoutView.swift in Sources */,
				B3D72515299E9F4900EF7421 /* OrderView.swift in Sources */,
				B3D724FD299E779600EF7421 /* ContentView.swift in Sources */,
				B3D7251B29A7AA5400EF7421 /* FavoriteView.swift in Sources */,
				B3D724FB299E779600EF7421 /* iDineApp.swift in Sources */,
				B3D7250C299E780900EF7421 /* Order.swift in Sources */,
				B3D72511299E7F3100EF7421 /* ItemRow.swift in Sources */,
				B3D7251D29A913DC00EF7421 /* Favorite.swift in Sources */,
				B3D72509299E77D800EF7421 /* Helper.swift in Sources */,
				B3D7250D299E780900EF7421 /* Menu.swift in Sources */,
			);
			runOnlyForDeploymentPostprocessing = 0;
		};
/* End PBXSourcesBuildPhase section */

/* Begin XCBuildConfiguration section */
		B3D72503299E779700EF7421 /* Debug */ = {
			isa = XCBuildConfiguration;
			buildSettings = {
				ALWAYS_SEARCH_USER_PATHS = NO;
				CLANG_ANALYZER_NONNULL = YES;
				CLANG_ANALYZER_NUMBER_OBJECT_CONVERSION = YES_AGGRESSIVE;
				CLANG_CXX_LANGUAGE_STANDARD = "gnu++20";
				CLANG_ENABLE_MODULES = YES;
				CLANG_ENABLE_OBJC_ARC = YES;
				CLANG_ENABLE_OBJC_WEAK = YES;
				CLANG_WARN_BLOCK_CAPTURE_AUTORELEASING = YES;
				CLANG_WARN_BOOL_CONVERSION = YES;
				CLANG_WARN_COMMA = YES;
				CLANG_WARN_CONSTANT_CONVERSION = YES;
				CLANG_WARN_DEPRECATED_OBJC_IMPLEMENTATIONS = YES;
				CLANG_WARN_DIRECT_OBJC_ISA_USAGE = YES_ERROR;
				CLANG_WARN_DOCUMENTATION_COMMENTS = YES;
				CLANG_WARN_EMPTY_BODY = YES;
				CLANG_WARN_ENUM_CONVERSION = YES;
				CLANG_WARN_INFINITE_RECURSION = YES;
				CLANG_WARN_INT_CONVERSION = YES;
				CLANG_WARN_NON_LITERAL_NULL_CONVERSION = YES;
				CLANG_WARN_OBJC_IMPLICIT_RETAIN_SELF = YES;
				CLANG_WARN_OBJC_LITERAL_CONVERSION = YES;
				CLANG_WARN_OBJC_ROOT_CLASS = YES_ERROR;
				CLANG_WARN_QUOTED_INCLUDE_IN_FRAMEWORK_HEADER = YES;
				CLANG_WARN_RANGE_LOOP_ANALYSIS = YES;
				CLANG_WARN_STRICT_PROTOTYPES = YES;
				CLANG_WARN_SUSPICIOUS_MOVE = YES;
				CLANG_WARN_UNGUARDED_AVAILABILITY = YES_AGGRESSIVE;
				CLANG_WARN_UNREACHABLE_CODE = YES;
				CLANG_WARN__DUPLICATE_METHOD_MATCH = YES;
				COPY_PHASE_STRIP = NO;
				DEBUG_INFORMATION_FORMAT = dwarf;
				ENABLE_STRICT_OBJC_MSGSEND = YES;
				ENABLE_TESTABILITY = YES;
				GCC_C_LANGUAGE_STANDARD = gnu11;
				GCC_DYNAMIC_NO_PIC = NO;
				GCC_NO_COMMON_BLOCKS = YES;
				GCC_OPTIMIZATION_LEVEL = 0;
				GCC_PREPROCESSOR_DEFINITIONS = (
					"DEBUG=1",
					"$(inherited)",
				);
				GCC_WARN_64_TO_32_BIT_CONVERSION = YES;
				GCC_WARN_ABOUT_RETURN_TYPE = YES_ERROR;
				GCC_WARN_UNDECLARED_SELECTOR = YES;
				GCC_WARN_UNINITIALIZED_AUTOS = YES_AGGRESSIVE;
				GCC_WARN_UNUSED_FUNCTION = YES;
				GCC_WARN_UNUSED_VARIABLE = YES;
				IPHONEOS_DEPLOYMENT_TARGET = 16.2;
				MTL_ENABLE_DEBUG_INFO = INCLUDE_SOURCE;
				MTL_FAST_MATH = YES;
				ONLY_ACTIVE_ARCH = YES;
				SDKROOT = iphoneos;
				SWIFT_ACTIVE_COMPILATION_CONDITIONS = DEBUG;
				SWIFT_OPTIMIZATION_LEVEL = "-Onone";
			};
			name = Debug;
		};
		B3D72504299E779700EF7421 /* Release */ = {
			isa = XCBuildConfiguration;
			buildSettings = {
				ALWAYS_SEARCH_USER_PATHS = NO;
				CLANG_ANALYZER_NONNULL = YES;
				CLANG_ANALYZER_NUMBER_OBJECT_CONVERSION = YES_AGGRESSIVE;
				CLANG_CXX_LANGUAGE_STANDARD = "gnu++20";
				CLANG_ENABLE_MODULES = YES;
				CLANG_ENABLE_OBJC_ARC = YES;
				CLANG_ENABLE_OBJC_WEAK = YES;
				CLANG_WARN_BLOCK_CAPTURE_AUTORELEASING = YES;
				CLANG_WARN_BOOL_CONVERSION = YES;
				CLANG_WARN_COMMA = YES;
				CLANG_WARN_CONSTANT_CONVERSION = YES;
				CLANG_WARN_DEPRECATED_OBJC_IMPLEMENTATIONS = YES;
				CLANG_WARN_DIRECT_OBJC_ISA_USAGE = YES_ERROR;
				CLANG_WARN_DOCUMENTATION_COMMENTS = YES;
				CLANG_WARN_EMPTY_BODY = YES;
				CLANG_WARN_ENUM_CONVERSION = YES;
				CLANG_WARN_INFINITE_RECURSION = YES;
				CLANG_WARN_INT_CONVERSION = YES;
				CLANG_WARN_NON_LITERAL_NULL_CONVERSION = YES;
				CLANG_WARN_OBJC_IMPLICIT_RETAIN_SELF = YES;
				CLANG_WARN_OBJC_LITERAL_CONVERSION = YES;
				CLANG_WARN_OBJC_ROOT_CLASS = YES_ERROR;
				CLANG_WARN_QUOTED_INCLUDE_IN_FRAMEWORK_HEADER = YES;
				CLANG_WARN_RANGE_LOOP_ANALYSIS = YES;
				CLANG_WARN_STRICT_PROTOTYPES = YES;
				CLANG_WARN_SUSPICIOUS_MOVE = YES;
				CLANG_WARN_UNGUARDED_AVAILABILITY = YES_AGGRESSIVE;
				CLANG_WARN_UNREACHABLE_CODE = YES;
				CLANG_WARN__DUPLICATE_METHOD_MATCH = YES;
				COPY_PHASE_STRIP = NO;
				DEBUG_INFORMATION_FORMAT = "dwarf-with-dsym";
				ENABLE_NS_ASSERTIONS = NO;
				ENABLE_STRICT_OBJC_MSGSEND = YES;
				GCC_C_LANGUAGE_STANDARD = gnu11;
				GCC_NO_COMMON_BLOCKS = YES;
				GCC_WARN_64_TO_32_BIT_CONVERSION = YES;
				GCC_WARN_ABOUT_RETURN_TYPE = YES_ERROR;
				GCC_WARN_UNDECLARED_SELECTOR = YES;
				GCC_WARN_UNINITIALIZED_AUTOS = YES_AGGRESSIVE;
				GCC_WARN_UNUSED_FUNCTION = YES;
				GCC_WARN_UNUSED_VARIABLE = YES;
				IPHONEOS_DEPLOYMENT_TARGET = 16.2;
				MTL_ENABLE_DEBUG_INFO = NO;
				MTL_FAST_MATH = YES;
				SDKROOT = iphoneos;
				SWIFT_COMPILATION_MODE = wholemodule;
				SWIFT_OPTIMIZATION_LEVEL = "-O";
				VALIDATE_PRODUCT = YES;
			};
			name = Release;
		};
		B3D72506299E779700EF7421 /* Debug */ = {
			isa = XCBuildConfiguration;
			buildSettings = {
				ASSETCATALOG_COMPILER_APPICON_NAME = AppIcon;
				ASSETCATALOG_COMPILER_GLOBAL_ACCENT_COLOR_NAME = AccentColor;
				CODE_SIGN_STYLE = Automatic;
				CURRENT_PROJECT_VERSION = 1;
				DEVELOPMENT_ASSET_PATHS = "\"iDine/Preview Content\"";
				ENABLE_PREVIEWS = YES;
				GENERATE_INFOPLIST_FILE = YES;
				INFOPLIST_KEY_UIApplicationSceneManifest_Generation = YES;
				INFOPLIST_KEY_UIApplicationSupportsIndirectInputEvents = YES;
				INFOPLIST_KEY_UILaunchScreen_Generation = YES;
				INFOPLIST_KEY_UISupportedInterfaceOrientations_iPad = "UIInterfaceOrientationPortrait UIInterfaceOrientationPortraitUpsideDown UIInterfaceOrientationLandscapeLeft UIInterfaceOrientationLandscapeRight";
				INFOPLIST_KEY_UISupportedInterfaceOrientations_iPhone = "UIInterfaceOrientationPortrait UIInterfaceOrientationLandscapeLeft UIInterfaceOrientationLandscapeRight";
				LD_RUNPATH_SEARCH_PATHS = (
					"$(inherited)",
					"@executable_path/Frameworks",
				);
				MARKETING_VERSION = 1.0;
				PRODUCT_BUNDLE_IDENTIFIER = "-.iDine";
				PRODUCT_NAME = "$(TARGET_NAME)";
				SWIFT_EMIT_LOC_STRINGS = YES;
				SWIFT_VERSION = 5.0;
				TARGETED_DEVICE_FAMILY = "1,2";
			};
			name = Debug;
		};
		B3D72507299E779700EF7421 /* Release */ = {
			isa = XCBuildConfiguration;
			buildSettings = {
				ASSETCATALOG_COMPILER_APPICON_NAME = AppIcon;
				ASSETCATALOG_COMPILER_GLOBAL_ACCENT_COLOR_NAME = AccentColor;
				CODE_SIGN_STYLE = Automatic;
				CURRENT_PROJECT_VERSION = 1;
				DEVELOPMENT_ASSET_PATHS = "\"iDine/Preview Content\"";
				ENABLE_PREVIEWS = YES;
				GENERATE_INFOPLIST_FILE = YES;
				INFOPLIST_KEY_UIApplicationSceneManifest_Generation = YES;
				INFOPLIST_KEY_UIApplicationSupportsIndirectInputEvents = YES;
				INFOPLIST_KEY_UILaunchScreen_Generation = YES;
				INFOPLIST_KEY_UISupportedInterfaceOrientations_iPad = "UIInterfaceOrientationPortrait UIInterfaceOrientationPortraitUpsideDown UIInterfaceOrientationLandscapeLeft UIInterfaceOrientationLandscapeRight";
				INFOPLIST_KEY_UISupportedInterfaceOrientations_iPhone = "UIInterfaceOrientationPortrait UIInterfaceOrientationLandscapeLeft UIInterfaceOrientationLandscapeRight";
				LD_RUNPATH_SEARCH_PATHS = (
					"$(inherited)",
					"@executable_path/Frameworks",
				);
				MARKETING_VERSION = 1.0;
				PRODUCT_BUNDLE_IDENTIFIER = "-.iDine";
				PRODUCT_NAME = "$(TARGET_NAME)";
				SWIFT_EMIT_LOC_STRINGS = YES;
				SWIFT_VERSION = 5.0;
				TARGETED_DEVICE_FAMILY = "1,2";
			};
			name = Release;
		};
/* End XCBuildConfiguration section */

/* Begin XCConfigurationList section */
		B3D724F2299E779600EF7421 /* Build configuration list for PBXProject "iDine" */ = {
			isa = XCConfigurationList;
			buildConfigurations = (
				B3D72503299E779700EF7421 /* Debug */,
				B3D72504299E779700EF7421 /* Release */,
			);
			defaultConfigurationIsVisible = 0;
			defaultConfigurationName = Release;
		};
		B3D72505299E779700EF7421 /* Build configuration list for PBXNativeTarget "iDine" */ = {
			isa = XCConfigurationList;
			buildConfigurations = (
				B3D72506299E779700EF7421 /* Debug */,
				B3D72507299E779700EF7421 /* Release */,
			);
			defaultConfigurationIsVisible = 0;
			defaultConfigurationName = Release;
		};
/* End XCConfigurationList section */
	};
	rootObject = B3D724EF299E779600EF7421 /* Project object */;
}
